
Microsoft Visual Studio Solution File, Format Version 12.00
# Visual Studio Version 16
VisualStudioVersion = 16.0.29215.179
MinimumVisualStudioVersion = 10.0.40219.1
Project("{FAE04EC0-301F-11D3-BF4B-00C04F79EFBC}") = "Hotell", "Hotell\Hotell.csproj", "{EC4EEF49-6D8B-44B8-9944-C17E88BAC462}"
EndProject
Global
	GlobalSection(SolutionConfigurationPlatforms) = preSolution
		Debug|Any CPU = Debug|Any CPU
		Release|Any CPU = Release|Any CPU
	EndGlobalSection
	GlobalSection(ProjectConfigurationPlatforms) = postSolution
		{EC4EEF49-6D8B-44B8-9944-C17E88BAC462}.Debug|Any CPU.ActiveCfg = Debug|Any CPU
		{EC4EEF49-6D8B-44B8-9944-C17E88BAC462}.Debug|Any CPU.Build.0 = Debug|Any CPU
		{EC4EEF49-6D8B-44B8-9944-C17E88BAC462}.Release|Any CPU.ActiveCfg = Release|Any CPU
		{EC4EEF49-6D8B-44B8-9944-C17E88BAC462}.Release|Any CPU.Build.0 = Release|Any CPU
	EndGlobalSection
	GlobalSection(SolutionProperties) = preSolution
		HideSolutionNode = FALSE
	EndGlobalSection
	GlobalSection(ExtensibilityGlobals) = postSolution
		SolutionGuid = {704E763E-DB3C-4D8F-A2A6-58FF4BC4E6AB}
	EndGlobalSection
EndGlobal
